data:
  identifier: geometric_model_schema.block
  localized_concepts:
    eng: 0a4163e5-8aa5-5d74-a720-26a0dc6f1ac1
  domains:
    - concept_id: section-geometric_model_schema
      source: urn:iso:std:iso:10303:-2:ed-1:en:tech:geometric_model_schema
      ref_type: section
id: geometric_model_schema.block
schema_version: v3
---
data:
  definition:
    - content: '{{urn:iso:std:iso:10303:-2:ed-1:en:term:express-language.entity_data_type,entity data type}} that is a type of {{urn:iso:std:iso:10303:-2:ed-1:en:tech:geometry_schema.geometric_representation_item,geometric_representation_item}} that represents the block {{entity}}'
  notes:
    - content: A **block** is a type of {{urn:iso:std:iso:10303:-2:ed-1:en:tech:geometry_schema.geometric_representation_item,geometric_representation_item}} which is a solid rectangular parallelepiped, defined with a locationand placement coordinate system.
  sources:
    - origin:
        ref:
          source: urn:iso:std:iso:10303:-2:ed-1:en:tech:geometric_model_schema
          version: '12'
      type: authoritative
      id: geometric_model_schema
  terms:
    - type: expression
      normative_status: preferred
      designation: block
  domain: 'resource: geometric_model_schema'
  language_code: eng
  annotations: []
id: 0a4163e5-8aa5-5d74-a720-26a0dc6f1ac1
