---
data:
  identifier: Mesh_connectivity_arm.Multiple_mesh_block
  localized_concepts:
    eng: f097a5d8-a7b6-5542-b8d1-5618299eb125
  domains:
  - concept_id: section-Mesh_connectivity_arm
    source: urn:iso:std:iso:10303:-2:ed-1:en:tech:Mesh_connectivity_arm
    ref_type: section
id: Mesh_connectivity_arm.Multiple_mesh_block
schema_version: v3
---
data:
  definition:
  - content: "{{urn:iso:std:iso:10303:-2:ed-1:en:term:express-language.entity_data_type,entity
      data type}} that represents the multiple mesh block {{urn:iso:std:iso:10303:-2:ed-1:en:term:express-language.entity,entity}}"
  notes:
  - content: A **Multiple_mesh_block** is a grouping of connected meshes.
  sources:
  - origin:
      ref:
        source: urn:iso:std:iso:10303:-2:ed-1:en:tech:Mesh_connectivity_arm
        version: '1'
    type: authoritative
  terms:
  - type: expression
    normative_status: preferred
    designation: Multiple_mesh_block
  domain: 'application module: Mesh_connectivity_arm'
  language_code: eng
  annotations: []
id: f097a5d8-a7b6-5542-b8d1-5618299eb125