---
data:
  identifier: Primitive_solids_arm.Rectangular_block
  localized_concepts:
    eng: '076769ea-9987-5c31-84bf-4ab011fcccec'
  domains:
  - concept_id: section-Primitive_solids_arm
    source: urn:iso:std:iso:10303:-2:ed-1:en:tech:Primitive_solids_arm
    ref_type: section
id: Primitive_solids_arm.Rectangular_block
schema_version: v3
---
data:
  definition:
  - content: "{{urn:iso:std:iso:10303:-2:ed-1:en:term:express-language.entity_data_type,entity
      data type}} that is a type of {{urn:iso:std:iso:10303:-2:ed-1:en:tech:Primitive_solids_arm.Detailed_geometric_model_element,Detailed_geometric_model_element}}
      that represents the rectangular block {{urn:iso:std:iso:10303:-2:ed-1:en:term:express-language.entity,entity}}"
  notes:
  - content: A **Rectangular_block** is a type of {{urn:iso:std:iso:10303:-2:ed-1:en:tech:Elemental_geometric_shape_arm.Detailed_geometric_model_element,Detailed_geometric_model_element}}
      that is a solid in the form of a rectangular block.
  sources:
  - origin:
      ref:
        source: urn:iso:std:iso:10303:-2:ed-1:en:tech:Primitive_solids_arm
        version: '4'
    type: authoritative
  terms:
  - type: expression
    normative_status: preferred
    designation: Rectangular_block
  domain: 'application module: Primitive_solids_arm'
  language_code: eng
  annotations: []
id: '076769ea-9987-5c31-84bf-4ab011fcccec'