---
data:
  identifier: standard-data-access-interfaces.attribute_data_block
  localized_concepts:
    eng: 0c2c93b4-8e60-5ac7-815d-d9a00e4b6d5b
  domains:
  - concept_id: section-standard-data-access-interfaces
    source: urn:iso:std:iso:10303:-2:ed-1:en
    ref_type: section
id: 96be3767-f51e-50c5-bf66-dead9227ada9
schema_version: v3
---
data:
  definition:
  - content: C structure containing both a value and the data type of the value that
      is accessed through a handle
  terms:
  - type: expression
    normative_status: preferred
    designation: attribute data block
  domain: Standard data access interface C binding
  language_code: eng
  annotations: []
id: 0c2c93b4-8e60-5ac7-815d-d9a00e4b6d5b